# This file is automatically @generated by Cargo.
# It is not intended for manual editing.
version = 4

[[package]]
name = "approx"
version = "0.5.1"
source = "registry+https://github.com/rust-lang/crates.io-index"
checksum = "cab112f0a86d568ea0e627cc1d6be74a1e9cd55214684db5561995f6dad897c6"
dependencies = [
 "num-traits",
]

[[package]]
name = "atomic-polyfill"
version = "1.0.3"
source = "registry+https://github.com/rust-lang/crates.io-index"
checksum = "8cf2bce30dfe09ef0bfaef228b9d414faaf7e563035494d7fe092dba54b300f4"
dependencies = [
 "critical-section",
]

[[package]]
name = "autocfg"
version = "1.4.0"
source = "registry+https://github.com/rust-lang/crates.io-index"
checksum = "ace50bade8e6234aa140d9a2f552bbee1db4d353f69b8217bc503490fc1a9f26"

[[package]]
name = "az"
version = "1.2.1"
source = "registry+https://github.com/rust-lang/crates.io-index"
checksum = "7b7e4c2464d97fe331d41de9d5db0def0a96f4d823b8b32a2efd503578988973"

[[package]]
name = "bare-metal"
version = "0.2.5"
source = "registry+https://github.com/rust-lang/crates.io-index"
checksum = "5deb64efa5bd81e31fcd1938615a6d98c82eafcbcd787162b6f63b91d6bac5b3"
dependencies = [
 "rustc_version",
]

[[package]]
name = "bare-metal"
version = "1.0.0"
source = "registry+https://github.com/rust-lang/crates.io-index"
checksum = "f8fe8f5a8a398345e52358e18ff07cc17a568fbca5c6f73873d3a62056309603"

[[package]]
name = "battery_indicator"
version = "0.1.0"
dependencies = [
 "embedded-graphics",
]

[[package]]
name = "battery_sense_rs"
version = "0.1.0"
dependencies = [
 "embedded-hal 0.2.7",
 "imxrt-hal",
 "teensy4-bsp",
]

[[package]]
name = "bbqueue"
version = "0.5.1"
source = "registry+https://github.com/rust-lang/crates.io-index"
checksum = "fd3baa8859d1a4c7411039a75c0599a4640ef1c9a8fc811e4325b00e6cfe0a55"

[[package]]
name = "bitfield"
version = "0.13.2"
source = "registry+https://github.com/rust-lang/crates.io-index"
checksum = "46afbd2983a5d5a7bd740ccb198caf5b82f45c40c09c0eed36052d91cb92e719"

[[package]]
name = "bitflags"
version = "1.3.2"
source = "registry+https://github.com/rust-lang/crates.io-index"
checksum = "bef38d45163c2f1dde094a7dfd33ccf595c92905c8f8f4fdc18d06fb1037718a"

[[package]]
name = "bitflags"
version = "2.9.0"
source = "registry+https://github.com/rust-lang/crates.io-index"
checksum = "5c8214115b7bf84099f1309324e63141d4c5d7cc26862f97a0a857dbefe165bd"

[[package]]
name = "byte-slice-cast"
version = "0.3.5"
source = "registry+https://github.com/rust-lang/crates.io-index"
checksum = "b0a5e3906bcbf133e33c1d4d95afc664ad37fbdb9f6568d8043e7ea8c27d93d3"

[[package]]
name = "byteorder"
version = "1.5.0"
source = "registry+https://github.com/rust-lang/crates.io-index"
checksum = "1fd0f2584146f6f2ef48085050886acf353beff7305ebd1ae69500e27c67f64b"

[[package]]
name = "cfg-if"
version = "1.0.0"
source = "registry+https://github.com/rust-lang/crates.io-index"
checksum = "baf1de4339761588bc0619e3cbc0120ee582ebb74b53b4efbf79117bd2da40fd"

[[package]]
name = "controller"
version = "0.1.0"
dependencies = [
 "embedded-hal 0.2.7",
 "nalgebra 0.32.6",
 "teensy4-bsp",
]

[[package]]
name = "cortex-m"
version = "0.7.7"
source = "registry+https://github.com/rust-lang/crates.io-index"
checksum = "8ec610d8f49840a5b376c69663b6369e71f4b34484b9b2eb29fb918d92516cb9"
dependencies = [
 "bare-metal 0.2.5",
 "bitfield",
 "critical-section",
 "embedded-hal 0.2.7",
 "volatile-register",
]

[[package]]
name = "cortex-m-rt"
version = "0.7.3"
source = "registry+https://github.com/rust-lang/crates.io-index"
checksum = "ee84e813d593101b1723e13ec38b6ab6abbdbaaa4546553f5395ed274079ddb1"
dependencies = [
 "cortex-m-rt-macros",
]

[[package]]
name = "cortex-m-rt-macros"
version = "0.7.0"
source = "registry+https://github.com/rust-lang/crates.io-index"
checksum = "f0f6f3e36f203cfedbc78b357fb28730aa2c6dc1ab060ee5c2405e843988d3c7"
dependencies = [
 "proc-macro2",
 "quote",
 "syn 1.0.109",
]

[[package]]
name = "critical-section"
version = "1.2.0"
source = "registry+https://github.com/rust-lang/crates.io-index"
checksum = "790eea4361631c5e7d22598ecd5723ff611904e3344ce8720784c93e3d83d40b"

[[package]]
name = "defmt"
version = "0.3.10"
source = "registry+https://github.com/rust-lang/crates.io-index"
checksum = "86f6162c53f659f65d00619fe31f14556a6e9f8752ccc4a41bd177ffcf3d6130"
dependencies = [
 "bitflags 1.3.2",
 "defmt-macros",
]

[[package]]
name = "defmt-macros"
version = "0.4.0"
source = "registry+https://github.com/rust-lang/crates.io-index"
checksum = "9d135dd939bad62d7490b0002602d35b358dce5fd9233a709d3c1ef467d4bde6"
dependencies = [
 "defmt-parser",
 "proc-macro-error2",
 "proc-macro2",
 "quote",
 "syn 2.0.99",
]

[[package]]
name = "defmt-parser"
version = "0.4.1"
source = "registry+https://github.com/rust-lang/crates.io-index"
checksum = "3983b127f13995e68c1e29071e5d115cd96f215ccb5e6812e3728cd6f92653b3"
dependencies = [
 "thiserror",
]

[[package]]
name = "display-interface"
version = "0.4.1"
source = "registry+https://github.com/rust-lang/crates.io-index"
checksum = "7517c040926d7b02b111884aa089177db80878533127f7c1b480d852c5fb4112"

[[package]]
name = "display-interface-i2c"
version = "0.4.0"
source = "registry+https://github.com/rust-lang/crates.io-index"
checksum = "4895cd4e54e5536ef370d7f1eec787aad8275dd8ad15815aebfa71dd847b4ebf"
dependencies = [
 "display-interface",
 "embedded-hal 0.2.7",
]

[[package]]
name = "display-interface-spi"
version = "0.4.1"
source = "registry+https://github.com/rust-lang/crates.io-index"
checksum = "489378ad054862146fbd1f09f51d585ccbe4bd1e2feadcda2a13ac33f840e1a5"
dependencies = [
 "byte-slice-cast",
 "display-interface",
 "embedded-hal 0.2.7",
]

[[package]]
name = "embedded-alloc"
version = "0.5.1"
source = "registry+https://github.com/rust-lang/crates.io-index"
checksum = "ddae17915accbac2cfbc64ea0ae6e3b330e6ea124ba108dada63646fd3c6f815"
dependencies = [
 "critical-section",
 "linked_list_allocator",
]

[[package]]
name = "embedded-graphics"
version = "0.7.1"
source = "registry+https://github.com/rust-lang/crates.io-index"
checksum = "750082c65094fbcc4baf9ba31583ce9a8bb7f52cadfb96f6164b1bc7f922f32b"
dependencies = [
 "az",
 "byteorder",
 "embedded-graphics-core",
 "float-cmp",
 "micromath",
]

[[package]]
name = "embedded-graphics-core"
version = "0.3.3"
source = "registry+https://github.com/rust-lang/crates.io-index"
checksum = "b8b1239db5f3eeb7e33e35bd10bd014e7b2537b17e071f726a09351431337cfa"
dependencies = [
 "az",
 "byteorder",
]

[[package]]
name = "embedded-hal"
version = "0.2.7"
source = "registry+https://github.com/rust-lang/crates.io-index"
checksum = "35949884794ad573cf46071e41c9b60efb0cb311e3ca01f7af807af1debc66ff"
dependencies = [
 "nb 0.1.3",
 "void",
]

[[package]]
name = "embedded-hal"
version = "1.0.0"
source = "registry+https://github.com/rust-lang/crates.io-index"
checksum = "361a90feb7004eca4019fb28352a9465666b24f840f5c3cddf0ff13920590b89"

[[package]]
name = "equivalent"
version = "1.0.2"
source = "registry+https://github.com/rust-lang/crates.io-index"
checksum = "877a4ace8713b0bcf2a4e7eec82529c029f1d0619886d18145fea96c3ffe5c0f"

[[package]]
name = "fixed-queue"
version = "0.5.1"
source = "registry+https://github.com/rust-lang/crates.io-index"
checksum = "22a5ad4f3e664b2be6d2b4acee67464bd11987faba2b85aff60d25f722bfa1be"

[[package]]
name = "float-cmp"
version = "0.8.0"
source = "registry+https://github.com/rust-lang/crates.io-index"
checksum = "e1267f4ac4f343772758f7b1bdcbe767c218bbab93bb432acbf5162bbf85a6c4"
dependencies = [
 "num-traits",
]

[[package]]
name = "fpga-rs"
version = "0.1.0"
dependencies = [
 "embedded-hal 0.2.7",
 "teensy4-bsp",
]

[[package]]
name = "fugit"
version = "0.3.7"
source = "registry+https://github.com/rust-lang/crates.io-index"
checksum = "17186ad64927d5ac8f02c1e77ccefa08ccd9eaa314d5a4772278aa204a22f7e7"
dependencies = [
 "gcd",
]

[[package]]
name = "futures-core"
version = "0.3.31"
source = "registry+https://github.com/rust-lang/crates.io-index"
checksum = "05f29059c0c2090612e8d742178b0580d2dc940c837851ad723096f87af6663e"

[[package]]
name = "futures-task"
version = "0.3.31"
source = "registry+https://github.com/rust-lang/crates.io-index"
checksum = "f90f7dce0722e95104fcb095585910c0977252f286e354b5e3bd38902cd99988"

[[package]]
name = "futures-util"
version = "0.3.31"
source = "registry+https://github.com/rust-lang/crates.io-index"
checksum = "9fa08315bb612088cc391249efdc3bc77536f16c91f6cf495e6fbe85b20a4a81"
dependencies = [
 "futures-core",
 "futures-task",
 "pin-project-lite",
 "pin-utils",
]

[[package]]
name = "gcd"
version = "2.3.0"
source = "registry+https://github.com/rust-lang/crates.io-index"
checksum = "1d758ba1b47b00caf47f24925c0074ecb20d6dfcffe7f6d53395c0465674841a"

[[package]]
name = "hashbrown"
version = "0.15.2"
source = "registry+https://github.com/rust-lang/crates.io-index"
checksum = "bf151400ff0baff5465007dd2f3e717f3fe502074ca563069ce3a6629d07b289"

[[package]]
name = "icm42605-driver"
version = "0.1.0"
dependencies = [
 "bitflags 2.9.0",
 "embedded-hal 0.2.7",
 "log",
]

[[package]]
name = "imxrt-boot-gen"
version = "0.3.4"
source = "registry+https://github.com/rust-lang/crates.io-index"
checksum = "f02b91e7f40a9eaf40d3ea860b8a753756190e1b519de5aed8dd92e6f4f2c6a3"

[[package]]
name = "imxrt-dma"
version = "0.1.1"
source = "registry+https://github.com/rust-lang/crates.io-index"
checksum = "0be4dc99cfca9c88c3478be3cba16ca3e3b2bde180e1dd69f7d04f470d6412a4"
dependencies = [
 "cortex-m",
 "ral-registers",
]

[[package]]
name = "imxrt-hal"
version = "0.5.4"
source = "registry+https://github.com/rust-lang/crates.io-index"
checksum = "4e7acd49f01f14f251d92688a032ed8636776e67c4e39d171bb1da2731245128"
dependencies = [
 "bitflags 1.3.2",
 "cfg-if",
 "embedded-hal 0.2.7",
 "fugit",
 "imxrt-dma",
 "imxrt-iomuxc",
 "imxrt-ral",
 "imxrt-usbd",
 "nb 1.1.0",
 "void",
]

[[package]]
name = "imxrt-iomuxc"
version = "0.2.9"
source = "registry+https://github.com/rust-lang/crates.io-index"
checksum = "78b4a563b99861f792f7b29b94d00d07e1e5576d71c097f1c948fc3521157371"

[[package]]
name = "imxrt-log"
version = "0.1.2"
source = "registry+https://github.com/rust-lang/crates.io-index"
checksum = "2f9711a9eaeb920ab0f7df6b1692251394ddea5e4af88cc4762d51259321749e"
dependencies = [
 "bbqueue",
 "critical-section",
 "defmt",
 "imxrt-usbd",
 "log",
 "usb-device",
 "usbd-serial",
]

[[package]]
name = "imxrt-ral"
version = "0.5.4"
source = "registry+https://github.com/rust-lang/crates.io-index"
checksum = "42c08149339534f16efaf645a7218a822dcfa4d102a788c1d09fd23d8f7420a9"
dependencies = [
 "cortex-m",
 "ral-registers",
]

[[package]]
name = "imxrt-rt"
version = "0.1.6"
source = "registry+https://github.com/rust-lang/crates.io-index"
checksum = "728afc5a901adf694cac7208d4e316b1f73ae09bb692aca77f239ae42f9de1ae"
dependencies = [
 "cfg-if",
 "cortex-m-rt",
]

[[package]]
name = "imxrt-usbd"
version = "0.2.2"
source = "registry+https://github.com/rust-lang/crates.io-index"
checksum = "c1212c31e391faaad032fdc248427e0cfb000c59ddeb00b3f95ca16a63942b83"
dependencies = [
 "bitflags 1.3.2",
 "cortex-m",
 "ral-registers",
 "usb-device",
]

[[package]]
name = "indexmap"
version = "2.7.1"
source = "registry+https://github.com/rust-lang/crates.io-index"
checksum = "8c9c992b02b5b4c94ea26e32fe5bccb7aa7d9f390ab5c1221ff895bc7ea8b652"
dependencies = [
 "equivalent",
 "hashbrown",
]

[[package]]
name = "io_expander_rs"
version = "0.1.0"
dependencies = [
 "embedded-hal 0.2.7",
 "teensy4-bsp",
]

[[package]]
name = "kicker-controller"
version = "0.1.0"
dependencies = [
 "embedded-hal 0.2.7",
 "robojackets-robocup-rtp",
]

[[package]]
name = "kicker-programmer"
version = "0.1.0"
dependencies = [
 "embedded-hal 0.2.7",
 "log",
]

[[package]]
name = "libm"
version = "0.2.11"
source = "registry+https://github.com/rust-lang/crates.io-index"
checksum = "8355be11b20d696c8f18f6cc018c4e372165b1fa8126cef092399c9951984ffa"

[[package]]
name = "linked_list_allocator"
version = "0.10.5"
source = "registry+https://github.com/rust-lang/crates.io-index"
checksum = "9afa463f5405ee81cdb9cc2baf37e08ec7e4c8209442b5d72c04cfb2cd6e6286"

[[package]]
name = "log"
version = "0.4.26"
source = "registry+https://github.com/rust-lang/crates.io-index"
checksum = "30bde2b3dc3671ae49d8e2e9f044c7c005836e7a023ee57cffa25ab82764bb9e"

[[package]]
name = "main_window"
version = "0.1.0"
dependencies = [
 "battery_indicator",
]

[[package]]
name = "micromath"
version = "1.1.1"
source = "registry+https://github.com/rust-lang/crates.io-index"
checksum = "bc4010833aea396656c2f91ee704d51a6f1329ec2ab56ffd00bfd56f7481ea94"

[[package]]
name = "motion"
version = "0.1.0"
dependencies = [
 "libm",
 "nalgebra 0.33.2",
]

[[package]]
name = "nalgebra"
version = "0.32.6"
source = "registry+https://github.com/rust-lang/crates.io-index"
checksum = "7b5c17de023a86f59ed79891b2e5d5a94c705dbe904a5b5c9c952ea6221b03e4"
dependencies = [
 "approx",
 "nalgebra-macros",
 "num-complex",
 "num-rational",
 "num-traits",
 "simba 0.8.1",
 "typenum",
]

[[package]]
name = "nalgebra"
version = "0.33.2"
source = "registry+https://github.com/rust-lang/crates.io-index"
checksum = "26aecdf64b707efd1310e3544d709c5c0ac61c13756046aaaba41be5c4f66a3b"
dependencies = [
 "approx",
 "nalgebra-macros",
 "num-complex",
 "num-rational",
 "num-traits",
 "simba 0.9.0",
 "typenum",
]

[[package]]
name = "nalgebra-macros"
version = "0.2.2"
source = "registry+https://github.com/rust-lang/crates.io-index"
checksum = "254a5372af8fc138e36684761d3c0cdb758a4410e938babcff1c860ce14ddbfc"
dependencies = [
 "proc-macro2",
 "quote",
 "syn 2.0.99",
]

[[package]]
name = "nb"
version = "0.1.3"
source = "registry+https://github.com/rust-lang/crates.io-index"
checksum = "801d31da0513b6ec5214e9bf433a77966320625a37860f910be265be6e18d06f"
dependencies = [
 "nb 1.1.0",
]

[[package]]
name = "nb"
version = "1.1.0"
source = "registry+https://github.com/rust-lang/crates.io-index"
checksum = "8d5439c4ad607c3c23abf66de8c8bf57ba8adcd1f129e699851a6e43935d339d"

[[package]]
name = "ncomm-utils"
version = "1.1.4"
source = "registry+https://github.com/rust-lang/crates.io-index"
checksum = "7b29ad5223b5925db3273ddf9a373b7890dee69c176e311da044315c6345270a"

[[package]]
name = "num-complex"
version = "0.4.6"
source = "registry+https://github.com/rust-lang/crates.io-index"
checksum = "73f88a1307638156682bada9d7604135552957b7818057dcef22705b4d509495"
dependencies = [
 "num-traits",
]

[[package]]
name = "num-integer"
version = "0.1.46"
source = "registry+https://github.com/rust-lang/crates.io-index"
checksum = "7969661fd2958a5cb096e56c8e1ad0444ac2bbcd0061bd28660485a44879858f"
dependencies = [
 "num-traits",
]

[[package]]
name = "num-rational"
version = "0.4.2"
source = "registry+https://github.com/rust-lang/crates.io-index"
checksum = "f83d14da390562dca69fc84082e73e548e1ad308d24accdedd2720017cb37824"
dependencies = [
 "num-integer",
 "num-traits",
]

[[package]]
name = "num-traits"
version = "0.2.19"
source = "registry+https://github.com/rust-lang/crates.io-index"
checksum = "071dfc062690e90b734c0b2273ce72ad0ffa95f0c74596bc250dcfd960262841"
dependencies = [
 "autocfg",
 "libm",
]

[[package]]
name = "paste"
version = "1.0.15"
source = "registry+https://github.com/rust-lang/crates.io-index"
checksum = "57c0d7b74b563b49d38dae00a0c37d4d6de9b432382b2892f0574ddcae73fd0a"

[[package]]
name = "pin-project-lite"
version = "0.2.16"
source = "registry+https://github.com/rust-lang/crates.io-index"
checksum = "3b3cff922bd51709b605d9ead9aa71031d81447142d828eb4a6eba76fe619f9b"

[[package]]
name = "pin-utils"
version = "0.1.0"
source = "registry+https://github.com/rust-lang/crates.io-index"
checksum = "8b870d8c151b6f2fb93e84a13146138f05d02ed11c7e7c54f8826aaaf7c9f184"

[[package]]
name = "portable-atomic"
version = "1.11.0"
source = "registry+https://github.com/rust-lang/crates.io-index"
checksum = "350e9b48cbc6b0e028b0473b114454c6316e57336ee184ceab6e53f72c178b3e"

[[package]]
name = "proc-macro-error-attr2"
version = "2.0.0"
source = "registry+https://github.com/rust-lang/crates.io-index"
checksum = "96de42df36bb9bba5542fe9f1a054b8cc87e172759a1868aa05c1f3acc89dfc5"
dependencies = [
 "proc-macro2",
 "quote",
]

[[package]]
name = "proc-macro-error2"
version = "2.0.1"
source = "registry+https://github.com/rust-lang/crates.io-index"
checksum = "11ec05c52be0a07b08061f7dd003e7d7092e0472bc731b4af7bb1ef876109802"
dependencies = [
 "proc-macro-error-attr2",
 "proc-macro2",
 "quote",
 "syn 2.0.99",
]

[[package]]
name = "proc-macro2"
version = "1.0.94"
source = "registry+https://github.com/rust-lang/crates.io-index"
checksum = "a31971752e70b8b2686d7e46ec17fb38dad4051d94024c88df49b667caea9c84"
dependencies = [
 "unicode-ident",
]

[[package]]
name = "quote"
version = "1.0.39"
source = "registry+https://github.com/rust-lang/crates.io-index"
checksum = "c1f1914ce909e1658d9907913b4b91947430c7d9be598b15a1912935b8c04801"
dependencies = [
 "proc-macro2",
]

[[package]]
name = "ral-registers"
version = "0.1.3"
source = "registry+https://github.com/rust-lang/crates.io-index"
checksum = "46b71a9d9206e8b46714c74255adcaea8b11e0350c1d8456165073c3f75fc81a"

[[package]]
name = "robojackets-robocup-control"
version = "0.2.0"
dependencies = [
 "battery_indicator",
 "battery_sense_rs",
 "controller",
 "cortex-m",
 "defmt",
 "embedded-alloc",
 "embedded-graphics",
 "embedded-hal 0.2.7",
 "fixed-queue",
 "fpga-rs",
 "icm42605-driver",
 "imxrt-hal",
 "imxrt-iomuxc",
 "io_expander_rs",
 "kicker-controller",
 "kicker-programmer",
 "libm",
 "log",
 "motion",
 "nalgebra 0.33.2",
 "ncomm-utils",
 "robojackets-robocup-rtp",
 "rotary_switch_rs",
 "rtic",
 "rtic-monotonics",
 "rtic-nrf24l01",
 "ssd1306",
 "startup_graphic",
 "teensy4-bsp",
 "teensy4-panic",
 "teensy4-pins",
]

[[package]]
name = "robojackets-robocup-rtp"
version = "0.6.3"
source = "registry+https://github.com/rust-lang/crates.io-index"
checksum = "af73f4a8d21a5cf02a425bf26126d28f8f5cf61af7dd9761d8e29f921c112689"
dependencies = [
 "nalgebra 0.33.2",
 "ncomm-utils",
]

[[package]]
name = "rotary_switch_rs"
version = "0.1.0"
dependencies = [
 "embedded-hal 0.2.7",
 "io_expander_rs",
 "teensy4-bsp",
]

[[package]]
name = "rtic"
version = "2.1.2"
source = "registry+https://github.com/rust-lang/crates.io-index"
checksum = "401961431a1e491124cdd216a313fada2d395aa2b5bee2867c872fc8af7c1bc1"
dependencies = [
 "bare-metal 1.0.0",
 "cortex-m",
 "critical-section",
 "portable-atomic",
 "rtic-core",
 "rtic-macros",
]

[[package]]
name = "rtic-common"
version = "1.0.0"
source = "registry+https://github.com/rust-lang/crates.io-index"
checksum = "0786b50b81ef9d2a944a000f60405bb28bf30cd45da2d182f3fe636b2321f35c"
dependencies = [
 "critical-section",
]

[[package]]
name = "rtic-core"
version = "1.0.0"
source = "registry+https://github.com/rust-lang/crates.io-index"
checksum = "d9369355b04d06a3780ec0f51ea2d225624db777acbc60abd8ca4832da5c1a42"

[[package]]
name = "rtic-macros"
version = "2.1.2"
source = "registry+https://github.com/rust-lang/crates.io-index"
checksum = "ac22ab522d80079b48f46ac66ded4d349e1adf81b52430d6a74faa3a7790ed80"
dependencies = [
 "indexmap",
 "proc-macro-error2",
 "proc-macro2",
 "quote",
 "syn 2.0.99",
]

[[package]]
name = "rtic-monotonics"
version = "1.5.0"
source = "registry+https://github.com/rust-lang/crates.io-index"
checksum = "058c2397dbd5bb4c5650a0e368c3920953e458805ff5097a0511b8147b3619d7"
dependencies = [
 "atomic-polyfill",
 "cfg-if",
 "cortex-m",
 "embedded-hal 1.0.0",
 "fugit",
 "rtic-time",
]

[[package]]
name = "rtic-nrf24l01"
version = "0.2.0"
source = "git+https://github.com/N8BWert/rtic-nrf24l01.git#c1bff671aef54f510569771cf45935d300a25e5b"
dependencies = [
 "defmt",
 "embedded-hal 0.2.7",
]

[[package]]
name = "rtic-time"
version = "1.3.0"
source = "registry+https://github.com/rust-lang/crates.io-index"
checksum = "75b232e7aebc045cfea81cdd164bc2727a10aca9a4568d406d0a5661cdfd0f19"
dependencies = [
 "critical-section",
 "futures-util",
 "rtic-common",
]

[[package]]
name = "rustc_version"
version = "0.2.3"
source = "registry+https://github.com/rust-lang/crates.io-index"
checksum = "138e3e0acb6c9fb258b19b67cb8abd63c00679d2851805ea151465464fe9030a"
dependencies = [
 "semver",
]

[[package]]
name = "semver"
version = "0.9.0"
source = "registry+https://github.com/rust-lang/crates.io-index"
checksum = "1d7eb9ef2c18661902cc47e535f9bc51b78acd254da71d375c2f6720d9a40403"
dependencies = [
 "semver-parser",
]

[[package]]
name = "semver-parser"
version = "0.7.0"
source = "registry+https://github.com/rust-lang/crates.io-index"
checksum = "388a1df253eca08550bef6c72392cfe7c30914bf41df5269b68cbd6ff8f570a3"

[[package]]
name = "simba"
version = "0.8.1"
source = "registry+https://github.com/rust-lang/crates.io-index"
checksum = "061507c94fc6ab4ba1c9a0305018408e312e17c041eb63bef8aa726fa33aceae"
dependencies = [
 "approx",
 "num-complex",
 "num-traits",
 "paste",
]

[[package]]
name = "simba"
version = "0.9.0"
source = "registry+https://github.com/rust-lang/crates.io-index"
checksum = "b3a386a501cd104797982c15ae17aafe8b9261315b5d07e3ec803f2ea26be0fa"
dependencies = [
 "approx",
 "num-complex",
 "num-traits",
 "paste",
]

[[package]]
name = "ssd1306"
version = "0.7.1"
source = "registry+https://github.com/rust-lang/crates.io-index"
checksum = "f066d5458b0a27d938dd2b71a8b397d88c5776cb316b8a39f19ef49b6d290709"
dependencies = [
 "display-interface",
 "display-interface-i2c",
 "display-interface-spi",
 "embedded-graphics-core",
 "embedded-hal 0.2.7",
]

[[package]]
name = "startup_graphic"
version = "0.1.0"
dependencies = [
 "embedded-graphics",
 "tinybmp",
]

[[package]]
name = "syn"
version = "1.0.109"
source = "registry+https://github.com/rust-lang/crates.io-index"
checksum = "72b64191b275b66ffe2469e8af2c1cfe3bafa67b529ead792a6d0160888b4237"
dependencies = [
 "proc-macro2",
 "quote",
 "unicode-ident",
]

[[package]]
name = "syn"
version = "2.0.99"
source = "registry+https://github.com/rust-lang/crates.io-index"
checksum = "e02e925281e18ffd9d640e234264753c43edc62d64b2d4cf898f1bc5e75f3fc2"
dependencies = [
 "proc-macro2",
 "quote",
 "unicode-ident",
]

[[package]]
name = "teensy4-bsp"
version = "0.4.5"
source = "registry+https://github.com/rust-lang/crates.io-index"
checksum = "f17a337aa204c141efcfa0e30e9949705dcb78e146292a1ee7ad652c8681022a"
dependencies = [
 "cortex-m",
 "imxrt-hal",
 "imxrt-log",
 "imxrt-ral",
 "imxrt-rt",
 "teensy4-fcb",
 "teensy4-pins",
]

[[package]]
name = "teensy4-fcb"
version = "0.4.0"
source = "registry+https://github.com/rust-lang/crates.io-index"
checksum = "8007b6d680b853afd7aa5a4b2be509efac0b5063698a87f274206955afbf1d0f"
dependencies = [
 "imxrt-boot-gen",
]

[[package]]
name = "teensy4-panic"
version = "0.2.3"
source = "registry+https://github.com/rust-lang/crates.io-index"
checksum = "7c733a579f17557d093df6714a57d61841e9cbaa222384ca7ee1fbb334888c20"
dependencies = [
 "log",
]

[[package]]
name = "teensy4-pins"
version = "0.3.2"
source = "registry+https://github.com/rust-lang/crates.io-index"
checksum = "631a1f5431b534b083974457a0383875575e483710247e65bc0c508ea3a1d59f"
dependencies = [
 "imxrt-iomuxc",
]

[[package]]
name = "thiserror"
version = "2.0.12"
source = "registry+https://github.com/rust-lang/crates.io-index"
checksum = "567b8a2dae586314f7be2a752ec7474332959c6460e02bde30d702a66d488708"
dependencies = [
 "thiserror-impl",
]

[[package]]
name = "thiserror-impl"
version = "2.0.12"
source = "registry+https://github.com/rust-lang/crates.io-index"
checksum = "7f7cf42b4507d8ea322120659672cf1b9dbb93f8f2d4ecfd6e51350ff5b17a1d"
dependencies = [
 "proc-macro2",
 "quote",
 "syn 2.0.99",
]

[[package]]
name = "tinybmp"
version = "0.4.0"
source = "registry+https://github.com/rust-lang/crates.io-index"
checksum = "0e959c507975d768a226a08227d56791f6e60bddcf714ad7ef67ae2d20bae743"
dependencies = [
 "embedded-graphics",
]

[[package]]
name = "tools"
version = "0.1.0"

[[package]]
name = "typenum"
version = "1.18.0"
source = "registry+https://github.com/rust-lang/crates.io-index"
checksum = "1dccffe3ce07af9386bfd29e80c0ab1a8205a2fc34e4bcd40364df902cfa8f3f"

[[package]]
name = "unicode-ident"
version = "1.0.18"
source = "registry+https://github.com/rust-lang/crates.io-index"
checksum = "5a5f39404a5da50712a4c1eecf25e90dd62b613502b7e925fd4e4d19b5c96512"

[[package]]
name = "usb-device"
version = "0.2.9"
source = "registry+https://github.com/rust-lang/crates.io-index"
checksum = "1f6cc3adc849b5292b4075fc0d5fdcf2f24866e88e336dd27a8943090a520508"

[[package]]
name = "usbd-serial"
version = "0.1.1"
source = "registry+https://github.com/rust-lang/crates.io-index"
checksum = "db75519b86287f12dcf0d171c7cf4ecc839149fe9f3b720ac4cfce52959e1dfe"
dependencies = [
 "embedded-hal 0.2.7",
 "nb 0.1.3",
 "usb-device",
]

[[package]]
name = "vcell"
version = "0.1.3"
source = "registry+https://github.com/rust-lang/crates.io-index"
checksum = "77439c1b53d2303b20d9459b1ade71a83c716e3f9c34f3228c00e6f185d6c002"

[[package]]
name = "void"
version = "1.0.2"
source = "registry+https://github.com/rust-lang/crates.io-index"
checksum = "6a02e4885ed3bc0f2de90ea6dd45ebcbb66dacffe03547fadbb0eeae2770887d"

[[package]]
name = "volatile-register"
version = "0.2.2"
source = "registry+https://github.com/rust-lang/crates.io-index"
checksum = "de437e2a6208b014ab52972a27e59b33fa2920d3e00fe05026167a1c509d19cc"
dependencies = [
 "vcell",
]
